// !$*UTF8*$!
{
	archiveVersion = 1;
	classes = {
	};
	objectVersion = 56;
	objects = {

/* Begin PBXBuildFile section */
		9302B3E52B1F5ACA00FD6868 /* GoogleSignInManager.swift in Sources */ = {isa = PBXBuildFile; fileRef = 9302B3E42B1F5ACA00FD6868 /* GoogleSignInManager.swift */; };
		9314D0632B1DFB35007DA005 /* GoogleSignIn in Frameworks */ = {isa = PBXBuildFile; productRef = 9314D0622B1DFB35007DA005 /* GoogleSignIn */; };
		9314D0652B1DFB35007DA005 /* GoogleSignInSwift in Frameworks */ = {isa = PBXBuildFile; productRef = 9314D0642B1DFB35007DA005 /* GoogleSignInSwift */; };
		9314D0672B1DFC6D007DA005 /* GoogleSignIn in Frameworks */ = {isa = PBXBuildFile; productRef = 9314D0662B1DFC6D007DA005 /* GoogleSignIn */; };
		9314D0692B1DFC6D007DA005 /* GoogleSignInSwift in Frameworks */ = {isa = PBXBuildFile; productRef = 9314D0682B1DFC6D007DA005 /* GoogleSignInSwift */; };
		932FBA392B160B04006B7896 /* FirebaseController.swift in Sources */ = {isa = PBXBuildFile; fileRef = 932FBA382B160B04006B7896 /* FirebaseController.swift */; };
		932FBA3C2B165572006B7896 /* Utilities.swift in Sources */ = {isa = PBXBuildFile; fileRef = 932FBA3B2B165572006B7896 /* Utilities.swift */; };
		932FBA402B1660BD006B7896 /* AlertService.swift in Sources */ = {isa = PBXBuildFile; fileRef = 932FBA3F2B1660BD006B7896 /* AlertService.swift */; };
		932FBA422B167F92006B7896 /* Constants.swift in Sources */ = {isa = PBXBuildFile; fileRef = 932FBA412B167F92006B7896 /* Constants.swift */; };
		932FBA442B16926C006B7896 /* ForgotPasswordViewController.swift in Sources */ = {isa = PBXBuildFile; fileRef = 932FBA432B16926C006B7896 /* ForgotPasswordViewController.swift */; };
		93B704BE2B1521A300F5B46F /* AppDelegate.swift in Sources */ = {isa = PBXBuildFile; fileRef = 93B704BD2B1521A300F5B46F /* AppDelegate.swift */; };
		93B704C02B1521A300F5B46F /* SceneDelegate.swift in Sources */ = {isa = PBXBuildFile; fileRef = 93B704BF2B1521A300F5B46F /* SceneDelegate.swift */; };
		93B704C52B1521A300F5B46F /* Main.storyboard in Resources */ = {isa = PBXBuildFile; fileRef = 93B704C32B1521A300F5B46F /* Main.storyboard */; };
		93B704C72B1521A500F5B46F /* Assets.xcassets in Resources */ = {isa = PBXBuildFile; fileRef = 93B704C62B1521A500F5B46F /* Assets.xcassets */; };
		93B704CA2B1521A500F5B46F /* LaunchScreen.storyboard in Resources */ = {isa = PBXBuildFile; fileRef = 93B704C82B1521A500F5B46F /* LaunchScreen.storyboard */; };
		93B7050B2B15358B00F5B46F /* SignUpViewController.swift in Sources */ = {isa = PBXBuildFile; fileRef = 93B7050A2B15358B00F5B46F /* SignUpViewController.swift */; };
		93B7050D2B15359F00F5B46F /* LoginViewController.swift in Sources */ = {isa = PBXBuildFile; fileRef = 93B7050C2B15359F00F5B46F /* LoginViewController.swift */; };
		93B7050F2B1535B100F5B46F /* HomeViewController.swift in Sources */ = {isa = PBXBuildFile; fileRef = 93B7050E2B1535B100F5B46F /* HomeViewController.swift */; };
		93B705142B15371000F5B46F /* FirstViewController.swift in Sources */ = {isa = PBXBuildFile; fileRef = 93B705132B15371000F5B46F /* FirstViewController.swift */; };
		93CB44582B17BE0F0052331D /* UserProfile.swift in Sources */ = {isa = PBXBuildFile; fileRef = 93CB44572B17BE0F0052331D /* UserProfile.swift */; };
		93CB445C2B17CC820052331D /* ImagePickerManager.swift in Sources */ = {isa = PBXBuildFile; fileRef = 93CB445B2B17CC820052331D /* ImagePickerManager.swift */; };
		93CB44CA2B18F7D90052331D /* FirebaseAnalyticsSwift in Frameworks */ = {isa = PBXBuildFile; productRef = 93CB44C92B18F7D90052331D /* FirebaseAnalyticsSwift */; };
		93CB44CC2B18F7D90052331D /* FirebaseAnalyticsWithoutAdIdSupport in Frameworks */ = {isa = PBXBuildFile; productRef = 93CB44CB2B18F7D90052331D /* FirebaseAnalyticsWithoutAdIdSupport */; };
		93CB44CE2B18F7D90052331D /* FirebaseAuth in Frameworks */ = {isa = PBXBuildFile; productRef = 93CB44CD2B18F7D90052331D /* FirebaseAuth */; };
		93CB44D02B18F7D90052331D /* FirebaseDatabase in Frameworks */ = {isa = PBXBuildFile; productRef = 93CB44CF2B18F7D90052331D /* FirebaseDatabase */; };
		93CB44D22B18F7D90052331D /* FirebaseDatabaseSwift in Frameworks */ = {isa = PBXBuildFile; productRef = 93CB44D12B18F7D90052331D /* FirebaseDatabaseSwift */; };
		93CB44D42B18F7D90052331D /* FirebaseFirestore in Frameworks */ = {isa = PBXBuildFile; productRef = 93CB44D32B18F7D90052331D /* FirebaseFirestore */; };
		93CB44D62B18F7D90052331D /* FirebaseFirestoreSwift in Frameworks */ = {isa = PBXBuildFile; productRef = 93CB44D52B18F7D90052331D /* FirebaseFirestoreSwift */; };
		93CB44D82B18F7D90052331D /* FirebasePerformance in Frameworks */ = {isa = PBXBuildFile; productRef = 93CB44D72B18F7D90052331D /* FirebasePerformance */; };
		93CB44DA2B18F7D90052331D /* FirebaseRemoteConfig in Frameworks */ = {isa = PBXBuildFile; productRef = 93CB44D92B18F7D90052331D /* FirebaseRemoteConfig */; };
		93CB44DC2B18F7D90052331D /* FirebaseRemoteConfigSwift in Frameworks */ = {isa = PBXBuildFile; productRef = 93CB44DB2B18F7D90052331D /* FirebaseRemoteConfigSwift */; };
		93CB44DE2B18F7D90052331D /* FirebaseStorage in Frameworks */ = {isa = PBXBuildFile; productRef = 93CB44DD2B18F7D90052331D /* FirebaseStorage */; };
		93CB44E02B18F7D90052331D /* FirebaseStorageCombine-Community in Frameworks */ = {isa = PBXBuildFile; productRef = 93CB44DF2B18F7D90052331D /* FirebaseStorageCombine-Community */; };
		93CB44E32B190A9C0052331D /* Kingfisher in Frameworks */ = {isa = PBXBuildFile; productRef = 93CB44E22B190A9C0052331D /* Kingfisher */; };
		93CB44E52B192B870052331D /* LoginVideo.mp4 in Resources */ = {isa = PBXBuildFile; fileRef = 93CB44E42B192B860052331D /* LoginVideo.mp4 */; };
		93CB44EA2B1B6A530052331D /* UIViewController+HideKeyboard.swift in Sources */ = {isa = PBXBuildFile; fileRef = 93CB44E92B1B6A530052331D /* UIViewController+HideKeyboard.swift */; };
		93CB44EC2B1B6C500052331D /* ActivityIndicatorManager.swift in Sources */ = {isa = PBXBuildFile; fileRef = 93CB44EB2B1B6C500052331D /* ActivityIndicatorManager.swift */; };
		93CB44F52B1B89260052331D /* GoogleService-Info.plist in Resources */ = {isa = PBXBuildFile; fileRef = 93CB44F42B1B89260052331D /* GoogleService-Info.plist */; };
/* End PBXBuildFile section */

/* Begin PBXFileReference section */
		9302B3E42B1F5ACA00FD6868 /* GoogleSignInManager.swift */ = {isa = PBXFileReference; lastKnownFileType = sourcecode.swift; path = GoogleSignInManager.swift; sourceTree = "<group>"; };
		932FBA382B160B04006B7896 /* FirebaseController.swift */ = {isa = PBXFileReference; lastKnownFileType = sourcecode.swift; path = FirebaseController.swift; sourceTree = "<group>"; };
		932FBA3B2B165572006B7896 /* Utilities.swift */ = {isa = PBXFileReference; lastKnownFileType = sourcecode.swift; path = Utilities.swift; sourceTree = "<group>"; };
		932FBA3F2B1660BD006B7896 /* AlertService.swift */ = {isa = PBXFileReference; lastKnownFileType = sourcecode.swift; path = AlertService.swift; sourceTree = "<group>"; };
		932FBA412B167F92006B7896 /* Constants.swift */ = {isa = PBXFileReference; lastKnownFileType = sourcecode.swift; path = Constants.swift; sourceTree = "<group>"; };
		932FBA432B16926C006B7896 /* ForgotPasswordViewController.swift */ = {isa = PBXFileReference; lastKnownFileType = sourcecode.swift; path = ForgotPasswordViewController.swift; sourceTree = "<group>"; };
		93B704BA2B1521A300F5B46F /* MyLoginDemo.app */ = {isa = PBXFileReference; explicitFileType = wrapper.application; includeInIndex = 0; path = MyLoginDemo.app; sourceTree = BUILT_PRODUCTS_DIR; };
		93B704BD2B1521A300F5B46F /* AppDelegate.swift */ = {isa = PBXFileReference; lastKnownFileType = sourcecode.swift; path = AppDelegate.swift; sourceTree = "<group>"; };
		93B704BF2B1521A300F5B46F /* SceneDelegate.swift */ = {isa = PBXFileReference; lastKnownFileType = sourcecode.swift; path = SceneDelegate.swift; sourceTree = "<group>"; };
		93B704C42B1521A300F5B46F /* Base */ = {isa = PBXFileReference; lastKnownFileType = file.storyboard; name = Base; path = Base.lproj/Main.storyboard; sourceTree = "<group>"; };
		93B704C62B1521A500F5B46F /* Assets.xcassets */ = {isa = PBXFileReference; lastKnownFileType = folder.assetcatalog; path = Assets.xcassets; sourceTree = "<group>"; };
		93B704C92B1521A500F5B46F /* Base */ = {isa = PBXFileReference; lastKnownFileType = file.storyboard; name = Base; path = Base.lproj/LaunchScreen.storyboard; sourceTree = "<group>"; };
		93B704CB2B1521A500F5B46F /* Info.plist */ = {isa = PBXFileReference; lastKnownFileType = text.plist.xml; path = Info.plist; sourceTree = "<group>"; };
		93B7050A2B15358B00F5B46F /* SignUpViewController.swift */ = {isa = PBXFileReference; lastKnownFileType = sourcecode.swift; path = SignUpViewController.swift; sourceTree = "<group>"; };
		93B7050C2B15359F00F5B46F /* LoginViewController.swift */ = {isa = PBXFileReference; lastKnownFileType = sourcecode.swift; path = LoginViewController.swift; sourceTree = "<group>"; };
		93B7050E2B1535B100F5B46F /* HomeViewController.swift */ = {isa = PBXFileReference; lastKnownFileType = sourcecode.swift; path = HomeViewController.swift; sourceTree = "<group>"; };
		93B705132B15371000F5B46F /* FirstViewController.swift */ = {isa = PBXFileReference; lastKnownFileType = sourcecode.swift; path = FirstViewController.swift; sourceTree = "<group>"; };
		93CB44572B17BE0F0052331D /* UserProfile.swift */ = {isa = PBXFileReference; lastKnownFileType = sourcecode.swift; path = UserProfile.swift; sourceTree = "<group>"; };
		93CB445B2B17CC820052331D /* ImagePickerManager.swift */ = {isa = PBXFileReference; lastKnownFileType = sourcecode.swift; path = ImagePickerManager.swift; sourceTree = "<group>"; };
		93CB44E42B192B860052331D /* LoginVideo.mp4 */ = {isa = PBXFileReference; lastKnownFileType = file; path = LoginVideo.mp4; sourceTree = "<group>"; };
		93CB44E92B1B6A530052331D /* UIViewController+HideKeyboard.swift */ = {isa = PBXFileReference; lastKnownFileType = sourcecode.swift; path = "UIViewController+HideKeyboard.swift"; sourceTree = "<group>"; };
		93CB44EB2B1B6C500052331D /* ActivityIndicatorManager.swift */ = {isa = PBXFileReference; lastKnownFileType = sourcecode.swift; path = ActivityIndicatorManager.swift; sourceTree = "<group>"; };
		93CB44F42B1B89260052331D /* GoogleService-Info.plist */ = {isa = PBXFileReference; fileEncoding = 4; lastKnownFileType = text.plist.xml; path = "GoogleService-Info.plist"; sourceTree = "<group>"; };
/* End PBXFileReference section */

/* Begin PBXFrameworksBuildPhase section */
		93B704B72B1521A300F5B46F /* Frameworks */ = {
			isa = PBXFrameworksBuildPhase;
			buildActionMask = 2147483647;
			files = (
				9314D0652B1DFB35007DA005 /* GoogleSignInSwift in Frameworks */,
				9314D0672B1DFC6D007DA005 /* GoogleSignIn in Frameworks */,
				93CB44DA2B18F7D90052331D /* FirebaseRemoteConfig in Frameworks */,
				93CB44D22B18F7D90052331D /* FirebaseDatabaseSwift in Frameworks */,
				93CB44CA2B18F7D90052331D /* FirebaseAnalyticsSwift in Frameworks */,
				93CB44CE2B18F7D90052331D /* FirebaseAuth in Frameworks */,
				93CB44D62B18F7D90052331D /* FirebaseFirestoreSwift in Frameworks */,
				93CB44D02B18F7D90052331D /* FirebaseDatabase in Frameworks */,
				93CB44CC2B18F7D90052331D /* FirebaseAnalyticsWithoutAdIdSupport in Frameworks */,
				9314D0692B1DFC6D007DA005 /* GoogleSignInSwift in Frameworks */,
				93CB44DC2B18F7D90052331D /* FirebaseRemoteConfigSwift in Frameworks */,
				93CB44E32B190A9C0052331D /* Kingfisher in Frameworks */,
				93CB44DE2B18F7D90052331D /* FirebaseStorage in Frameworks */,
				93CB44D82B18F7D90052331D /* FirebasePerformance in Frameworks */,
				93CB44E02B18F7D90052331D /* FirebaseStorageCombine-Community in Frameworks */,
				93CB44D42B18F7D90052331D /* FirebaseFirestore in Frameworks */,
				9314D0632B1DFB35007DA005 /* GoogleSignIn in Frameworks */,
			);
			runOnlyForDeploymentPostprocessing = 0;
		};
/* End PBXFrameworksBuildPhase section */

/* Begin PBXGroup section */
		932FBA3A2B163BF1006B7896 /* Services */ = {
			isa = PBXGroup;
			children = (
				932FBA382B160B04006B7896 /* FirebaseController.swift */,
				9302B3E42B1F5ACA00FD6868 /* GoogleSignInManager.swift */,
				932FBA3F2B1660BD006B7896 /* AlertService.swift */,
			);
			path = Services;
			sourceTree = "<group>";
		};
		93B704B12B1521A300F5B46F = {
			isa = PBXGroup;
			children = (
				93B704BC2B1521A300F5B46F /* MyLoginDemo */,
				93B704BB2B1521A300F5B46F /* Products */,
			);
			sourceTree = "<group>";
		};
		93B704BB2B1521A300F5B46F /* Products */ = {
			isa = PBXGroup;
			children = (
				93B704BA2B1521A300F5B46F /* MyLoginDemo.app */,
			);
			name = Products;
			sourceTree = "<group>";
		};
		93B704BC2B1521A300F5B46F /* MyLoginDemo */ = {
			isa = PBXGroup;
			children = (
				93CB44E82B1A069E0052331D /* Helpers */,
				932FBA3A2B163BF1006B7896 /* Services */,
				93CB44E72B1A067F0052331D /* Models */,
				93B705102B1535B600F5B46F /* View Controllers */,
				93CB44E62B192B930052331D /* MediaResource */,
				93B704BD2B1521A300F5B46F /* AppDelegate.swift */,
				93B704BF2B1521A300F5B46F /* SceneDelegate.swift */,
				93B704C32B1521A300F5B46F /* Main.storyboard */,
				93B704C62B1521A500F5B46F /* Assets.xcassets */,
				93B704C82B1521A500F5B46F /* LaunchScreen.storyboard */,
				93CB44F42B1B89260052331D /* GoogleService-Info.plist */,
				93B704CB2B1521A500F5B46F /* Info.plist */,
			);
			path = MyLoginDemo;
			sourceTree = "<group>";
		};
		93B705102B1535B600F5B46F /* View Controllers */ = {
			isa = PBXGroup;
			children = (
				93B7050C2B15359F00F5B46F /* LoginViewController.swift */,
				93B7050A2B15358B00F5B46F /* SignUpViewController.swift */,
				932FBA432B16926C006B7896 /* ForgotPasswordViewController.swift */,
				93B7050E2B1535B100F5B46F /* HomeViewController.swift */,
				93B705132B15371000F5B46F /* FirstViewController.swift */,
			);
			path = "View Controllers";
			sourceTree = "<group>";
		};
		93CB44E62B192B930052331D /* MediaResource */ = {
			isa = PBXGroup;
			children = (
				93CB44E42B192B860052331D /* LoginVideo.mp4 */,
			);
			path = MediaResource;
			sourceTree = "<group>";
		};
		93CB44E72B1A067F0052331D /* Models */ = {
			isa = PBXGroup;
			children = (
				93CB44572B17BE0F0052331D /* UserProfile.swift */,
			);
			path = Models;
			sourceTree = "<group>";
		};
		93CB44E82B1A069E0052331D /* Helpers */ = {
			isa = PBXGroup;
			children = (
				932FBA412B167F92006B7896 /* Constants.swift */,
				93CB445B2B17CC820052331D /* ImagePickerManager.swift */,
				932FBA3B2B165572006B7896 /* Utilities.swift */,
				93CB44E92B1B6A530052331D /* UIViewController+HideKeyboard.swift */,
				93CB44EB2B1B6C500052331D /* ActivityIndicatorManager.swift */,
			);
			path = Helpers;
			sourceTree = "<group>";
		};
/* End PBXGroup section */

/* Begin PBXNativeTarget section */
		93B704B92B1521A300F5B46F /* MyLoginDemo */ = {
			isa = PBXNativeTarget;
			buildConfigurationList = 93B704CE2B1521A500F5B46F /* Build configuration list for PBXNativeTarget "MyLoginDemo" */;
			buildPhases = (
				93B704B62B1521A300F5B46F /* Sources */,
				93B704B72B1521A300F5B46F /* Frameworks */,
				93B704B82B1521A300F5B46F /* Resources */,
			);
			buildRules = (
			);
			dependencies = (
			);
			name = MyLoginDemo;
			packageProductDependencies = (
				93CB44C92B18F7D90052331D /* FirebaseAnalyticsSwift */,
				93CB44CB2B18F7D90052331D /* FirebaseAnalyticsWithoutAdIdSupport */,
				93CB44CD2B18F7D90052331D /* FirebaseAuth */,
				93CB44CF2B18F7D90052331D /* FirebaseDatabase */,
				93CB44D12B18F7D90052331D /* FirebaseDatabaseSwift */,
				93CB44D32B18F7D90052331D /* FirebaseFirestore */,
				93CB44D52B18F7D90052331D /* FirebaseFirestoreSwift */,
				93CB44D72B18F7D90052331D /* FirebasePerformance */,
				93CB44D92B18F7D90052331D /* FirebaseRemoteConfig */,
				93CB44DB2B18F7D90052331D /* FirebaseRemoteConfigSwift */,
				93CB44DD2B18F7D90052331D /* FirebaseStorage */,
				93CB44DF2B18F7D90052331D /* FirebaseStorageCombine-Community */,
				93CB44E22B190A9C0052331D /* Kingfisher */,
				9314D0622B1DFB35007DA005 /* GoogleSignIn */,
				9314D0642B1DFB35007DA005 /* GoogleSignInSwift */,
				9314D0662B1DFC6D007DA005 /* GoogleSignIn */,
				9314D0682B1DFC6D007DA005 /* GoogleSignInSwift */,
			);
			productName = MyLoginDemo;
			productReference = 93B704BA2B1521A300F5B46F /* MyLoginDemo.app */;
			productType = "com.apple.product-type.application";
		};
/* End PBXNativeTarget section */

/* Begin PBXProject section */
		93B704B22B1521A300F5B46F /* Project object */ = {
			isa = PBXProject;
			attributes = {
				BuildIndependentTargetsInParallel = 1;
				LastSwiftUpdateCheck = 1500;
				LastUpgradeCheck = 1500;
				TargetAttributes = {
					93B704B92B1521A300F5B46F = {
						CreatedOnToolsVersion = 15.0.1;
					};
				};
			};
			buildConfigurationList = 93B704B52B1521A300F5B46F /* Build configuration list for PBXProject "MyLoginDemo" */;
			compatibilityVersion = "Xcode 14.0";
			developmentRegion = en;
			hasScannedForEncodings = 0;
			knownRegions = (
				en,
				Base,
			);
			mainGroup = 93B704B12B1521A300F5B46F;
			packageReferences = (
				93CB44C82B18F7D90052331D /* XCRemoteSwiftPackageReference "firebase-ios-sdk" */,
				93CB44E12B190A9C0052331D /* XCRemoteSwiftPackageReference "Kingfisher" */,
				9314D0612B1DFB35007DA005 /* XCRemoteSwiftPackageReference "GoogleSignIn-iOS" */,
			);
			productRefGroup = 93B704BB2B1521A300F5B46F /* Products */;
			projectDirPath = "";
			projectRoot = "";
			targets = (
				93B704B92B1521A300F5B46F /* MyLoginDemo */,
			);
		};
/* End PBXProject section */

/* Begin PBXResourcesBuildPhase section */
		93B704B82B1521A300F5B46F /* Resources */ = {
			isa = PBXResourcesBuildPhase;
			buildActionMask = 2147483647;
			files = (
				93B704CA2B1521A500F5B46F /* LaunchScreen.storyboard in Resources */,
				93B704C72B1521A500F5B46F /* Assets.xcassets in Resources */,
				93CB44F52B1B89260052331D /* GoogleService-Info.plist in Resources */,
				93B704C52B1521A300F5B46F /* Main.storyboard in Resources */,
				93CB44E52B192B870052331D /* LoginVideo.mp4 in Resources */,
			);
			runOnlyForDeploymentPostprocessing = 0;
		};
/* End PBXResourcesBuildPhase section */

/* Begin PBXSourcesBuildPhase section */
		93B704B62B1521A300F5B46F /* Sources */ = {
			isa = PBXSourcesBuildPhase;
			buildActionMask = 2147483647;
			files = (
				93B7050F2B1535B100F5B46F /* HomeViewController.swift in Sources */,
				932FBA392B160B04006B7896 /* FirebaseController.swift in Sources */,
				932FBA442B16926C006B7896 /* ForgotPasswordViewController.swift in Sources */,
				93CB44EA2B1B6A530052331D /* UIViewController+HideKeyboard.swift in Sources */,
				9302B3E52B1F5ACA00FD6868 /* GoogleSignInManager.swift in Sources */,
				93B7050D2B15359F00F5B46F /* LoginViewController.swift in Sources */,
				93B7050B2B15358B00F5B46F /* SignUpViewController.swift in Sources */,
				93B705142B15371000F5B46F /* FirstViewController.swift in Sources */,
				932FBA422B167F92006B7896 /* Constants.swift in Sources */,
				93B704BE2B1521A300F5B46F /* AppDelegate.swift in Sources */,
				93CB44EC2B1B6C500052331D /* ActivityIndicatorManager.swift in Sources */,
				93CB44582B17BE0F0052331D /* UserProfile.swift in Sources */,
				932FBA3C2B165572006B7896 /* Utilities.swift in Sources */,
				932FBA402B1660BD006B7896 /* AlertService.swift in Sources */,
				93CB445C2B17CC820052331D /* ImagePickerManager.swift in Sources */,
				93B704C02B1521A300F5B46F /* SceneDelegate.swift in Sources */,
			);
			runOnlyForDeploymentPostprocessing = 0;
		};
/* End PBXSourcesBuildPhase section */

/* Begin PBXVariantGroup section */
		93B704C32B1521A300F5B46F /* Main.storyboard */ = {
			isa = PBXVariantGroup;
			children = (
				93B704C42B1521A300F5B46F /* Base */,
			);
			name = Main.storyboard;
			sourceTree = "<group>";
		};
		93B704C82B1521A500F5B46F /* LaunchScreen.storyboard */ = {
			isa = PBXVariantGroup;
			children = (
				93B704C92B1521A500F5B46F /* Base */,
			);
			name = LaunchScreen.storyboard;
			sourceTree = "<group>";
		};
/* End PBXVariantGroup section */

/* Begin XCBuildConfiguration section */
		93B704CC2B1521A500F5B46F /* Debug */ = {
			isa = XCBuildConfiguration;
			buildSettings = {
				ALWAYS_SEARCH_USER_PATHS = NO;
				ASSETCATALOG_COMPILER_GENERATE_SWIFT_ASSET_SYMBOL_EXTENSIONS = YES;
				CLANG_ANALYZER_NONNULL = YES;
				CLANG_ANALYZER_NUMBER_OBJECT_CONVERSION = YES_AGGRESSIVE;
				CLANG_CXX_LANGUAGE_STANDARD = "gnu++20";
				CLANG_ENABLE_MODULES = YES;
				CLANG_ENABLE_OBJC_ARC = YES;
				CLANG_ENABLE_OBJC_WEAK = YES;
				CLANG_WARN_BLOCK_CAPTURE_AUTORELEASING = YES;
				CLANG_WARN_BOOL_CONVERSION = YES;
				CLANG_WARN_COMMA = YES;
				CLANG_WARN_CONSTANT_CONVERSION = YES;
				CLANG_WARN_DEPRECATED_OBJC_IMPLEMENTATIONS = YES;
				CLANG_WARN_DIRECT_OBJC_ISA_USAGE = YES_ERROR;
				CLANG_WARN_DOCUMENTATION_COMMENTS = YES;
				CLANG_WARN_EMPTY_BODY = YES;
				CLANG_WARN_ENUM_CONVERSION = YES;
				CLANG_WARN_INFINITE_RECURSION = YES;
				CLANG_WARN_INT_CONVERSION = YES;
				CLANG_WARN_NON_LITERAL_NULL_CONVERSION = YES;
				CLANG_WARN_OBJC_IMPLICIT_RETAIN_SELF = YES;
				CLANG_WARN_OBJC_LITERAL_CONVERSION = YES;
				CLANG_WARN_OBJC_ROOT_CLASS = YES_ERROR;
				CLANG_WARN_QUOTED_INCLUDE_IN_FRAMEWORK_HEADER = YES;
				CLANG_WARN_RANGE_LOOP_ANALYSIS = YES;
				CLANG_WARN_STRICT_PROTOTYPES = YES;
				CLANG_WARN_SUSPICIOUS_MOVE = YES;
				CLANG_WARN_UNGUARDED_AVAILABILITY = YES_AGGRESSIVE;
				CLANG_WARN_UNREACHABLE_CODE = YES;
				CLANG_WARN__DUPLICATE_METHOD_MATCH = YES;
				COPY_PHASE_STRIP = NO;
				DEBUG_INFORMATION_FORMAT = dwarf;
				ENABLE_STRICT_OBJC_MSGSEND = YES;
				ENABLE_TESTABILITY = YES;
				ENABLE_USER_SCRIPT_SANDBOXING = YES;
				GCC_C_LANGUAGE_STANDARD = gnu17;
				GCC_DYNAMIC_NO_PIC = NO;
				GCC_NO_COMMON_BLOCKS = YES;
				GCC_OPTIMIZATION_LEVEL = 0;
				GCC_PREPROCESSOR_DEFINITIONS = (
					"DEBUG=1",
					"$(inherited)",
				);
				GCC_WARN_64_TO_32_BIT_CONVERSION = YES;
				GCC_WARN_ABOUT_RETURN_TYPE = YES_ERROR;
				GCC_WARN_UNDECLARED_SELECTOR = YES;
				GCC_WARN_UNINITIALIZED_AUTOS = YES_AGGRESSIVE;
				GCC_WARN_UNUSED_FUNCTION = YES;
				GCC_WARN_UNUSED_VARIABLE = YES;
				IPHONEOS_DEPLOYMENT_TARGET = 17.0;
				LOCALIZATION_PREFERS_STRING_CATALOGS = YES;
				MTL_ENABLE_DEBUG_INFO = INCLUDE_SOURCE;
				MTL_FAST_MATH = YES;
				ONLY_ACTIVE_ARCH = YES;
				SDKROOT = iphoneos;
				SWIFT_ACTIVE_COMPILATION_CONDITIONS = "DEBUG $(inherited)";
				SWIFT_OPTIMIZATION_LEVEL = "-Onone";
			};
			name = Debug;
		};
		93B704CD2B1521A500F5B46F /* Release */ = {
			isa = XCBuildConfiguration;
			buildSettings = {
				ALWAYS_SEARCH_USER_PATHS = NO;
				ASSETCATALOG_COMPILER_GENERATE_SWIFT_ASSET_SYMBOL_EXTENSIONS = YES;
				CLANG_ANALYZER_NONNULL = YES;
				CLANG_ANALYZER_NUMBER_OBJECT_CONVERSION = YES_AGGRESSIVE;
				CLANG_CXX_LANGUAGE_STANDARD = "gnu++20";
				CLANG_ENABLE_MODULES = YES;
				CLANG_ENABLE_OBJC_ARC = YES;
				CLANG_ENABLE_OBJC_WEAK = YES;
				CLANG_WARN_BLOCK_CAPTURE_AUTORELEASING = YES;
				CLANG_WARN_BOOL_CONVERSION = YES;
				CLANG_WARN_COMMA = YES;
				CLANG_WARN_CONSTANT_CONVERSION = YES;
				CLANG_WARN_DEPRECATED_OBJC_IMPLEMENTATIONS = YES;
				CLANG_WARN_DIRECT_OBJC_ISA_USAGE = YES_ERROR;
				CLANG_WARN_DOCUMENTATION_COMMENTS = YES;
				CLANG_WARN_EMPTY_BODY = YES;
				CLANG_WARN_ENUM_CONVERSION = YES;
				CLANG_WARN_INFINITE_RECURSION = YES;
				CLANG_WARN_INT_CONVERSION = YES;
				CLANG_WARN_NON_LITERAL_NULL_CONVERSION = YES;
				CLANG_WARN_OBJC_IMPLICIT_RETAIN_SELF = YES;
				CLANG_WARN_OBJC_LITERAL_CONVERSION = YES;
				CLANG_WARN_OBJC_ROOT_CLASS = YES_ERROR;
				CLANG_WARN_QUOTED_INCLUDE_IN_FRAMEWORK_HEADER = YES;
				CLANG_WARN_RANGE_LOOP_ANALYSIS = YES;
				CLANG_WARN_STRICT_PROTOTYPES = YES;
				CLANG_WARN_SUSPICIOUS_MOVE = YES;
				CLANG_WARN_UNGUARDED_AVAILABILITY = YES_AGGRESSIVE;
				CLANG_WARN_UNREACHABLE_CODE = YES;
				CLANG_WARN__DUPLICATE_METHOD_MATCH = YES;
				COPY_PHASE_STRIP = NO;
				DEBUG_INFORMATION_FORMAT = "dwarf-with-dsym";
				ENABLE_NS_ASSERTIONS = NO;
				ENABLE_STRICT_OBJC_MSGSEND = YES;
				ENABLE_USER_SCRIPT_SANDBOXING = YES;
				GCC_C_LANGUAGE_STANDARD = gnu17;
				GCC_NO_COMMON_BLOCKS = YES;
				GCC_WARN_64_TO_32_BIT_CONVERSION = YES;
				GCC_WARN_ABOUT_RETURN_TYPE = YES_ERROR;
				GCC_WARN_UNDECLARED_SELECTOR = YES;
				GCC_WARN_UNINITIALIZED_AUTOS = YES_AGGRESSIVE;
				GCC_WARN_UNUSED_FUNCTION = YES;
				GCC_WARN_UNUSED_VARIABLE = YES;
				IPHONEOS_DEPLOYMENT_TARGET = 17.0;
				LOCALIZATION_PREFERS_STRING_CATALOGS = YES;
				MTL_ENABLE_DEBUG_INFO = NO;
				MTL_FAST_MATH = YES;
				SDKROOT = iphoneos;
				SWIFT_COMPILATION_MODE = wholemodule;
				VALIDATE_PRODUCT = YES;
			};
			name = Release;
		};
		93B704CF2B1521A500F5B46F /* Debug */ = {
			isa = XCBuildConfiguration;
			buildSettings = {
				ASSETCATALOG_COMPILER_APPICON_NAME = AppIcon;
				ASSETCATALOG_COMPILER_GLOBAL_ACCENT_COLOR_NAME = AccentColor;
				CODE_SIGN_STYLE = Automatic;
				CURRENT_PROJECT_VERSION = 1;
				DEVELOPMENT_TEAM = P8FCS2FB8Z;
				GENERATE_INFOPLIST_FILE = YES;
				INFOPLIST_FILE = MyLoginDemo/Info.plist;
				INFOPLIST_KEY_UIApplicationSupportsIndirectInputEvents = YES;
				INFOPLIST_KEY_UILaunchStoryboardName = LaunchScreen;
				INFOPLIST_KEY_UIMainStoryboardFile = Main;
				INFOPLIST_KEY_UISupportedInterfaceOrientations_iPad = "UIInterfaceOrientationPortrait UIInterfaceOrientationPortraitUpsideDown UIInterfaceOrientationLandscapeLeft UIInterfaceOrientationLandscapeRight";
				INFOPLIST_KEY_UISupportedInterfaceOrientations_iPhone = "UIInterfaceOrientationPortrait UIInterfaceOrientationLandscapeLeft UIInterfaceOrientationLandscapeRight";
				LD_RUNPATH_SEARCH_PATHS = (
					"$(inherited)",
					"@executable_path/Frameworks",
				);
				MARKETING_VERSION = 1.0;
				PRODUCT_BUNDLE_IDENTIFIER = com.tonytsao.MyLoginDemo;
				PRODUCT_NAME = "$(TARGET_NAME)";
				SWIFT_EMIT_LOC_STRINGS = YES;
				SWIFT_VERSION = 5.0;
				TARGETED_DEVICE_FAMILY = "1,2";
			};
			name = Debug;
		};
		93B704D02B1521A500F5B46F /* Release */ = {
			isa = XCBuildConfiguration;
			buildSettings = {
				ASSETCATALOG_COMPILER_APPICON_NAME = AppIcon;
				ASSETCATALOG_COMPILER_GLOBAL_ACCENT_COLOR_NAME = AccentColor;
				CODE_SIGN_STYLE = Automatic;
				CURRENT_PROJECT_VERSION = 1;
				DEVELOPMENT_TEAM = P8FCS2FB8Z;
				GENERATE_INFOPLIST_FILE = YES;
				INFOPLIST_FILE = MyLoginDemo/Info.plist;
				INFOPLIST_KEY_UIApplicationSupportsIndirectInputEvents = YES;
				INFOPLIST_KEY_UILaunchStoryboardName = LaunchScreen;
				INFOPLIST_KEY_UIMainStoryboardFile = Main;
				INFOPLIST_KEY_UISupportedInterfaceOrientations_iPad = "UIInterfaceOrientationPortrait UIInterfaceOrientationPortraitUpsideDown UIInterfaceOrientationLandscapeLeft UIInterfaceOrientationLandscapeRight";
				INFOPLIST_KEY_UISupportedInterfaceOrientations_iPhone = "UIInterfaceOrientationPortrait UIInterfaceOrientationLandscapeLeft UIInterfaceOrientationLandscapeRight";
				LD_RUNPATH_SEARCH_PATHS = (
					"$(inherited)",
					"@executable_path/Frameworks",
				);
				MARKETING_VERSION = 1.0;
				PRODUCT_BUNDLE_IDENTIFIER = com.tonytsao.MyLoginDemo;
				PRODUCT_NAME = "$(TARGET_NAME)";
				SWIFT_EMIT_LOC_STRINGS = YES;
				SWIFT_VERSION = 5.0;
				TARGETED_DEVICE_FAMILY = "1,2";
			};
			name = Release;
		};
/* End XCBuildConfiguration section */

/* Begin XCConfigurationList section */
		93B704B52B1521A300F5B46F /* Build configuration list for PBXProject "MyLoginDemo" */ = {
			isa = XCConfigurationList;
			buildConfigurations = (
				93B704CC2B1521A500F5B46F /* Debug */,
				93B704CD2B1521A500F5B46F /* Release */,
			);
			defaultConfigurationIsVisible = 0;
			defaultConfigurationName = Release;
		};
		93B704CE2B1521A500F5B46F /* Build configuration list for PBXNativeTarget "MyLoginDemo" */ = {
			isa = XCConfigurationList;
			buildConfigurations = (
				93B704CF2B1521A500F5B46F /* Debug */,
				93B704D02B1521A500F5B46F /* Release */,
			);
			defaultConfigurationIsVisible = 0;
			defaultConfigurationName = Release;
		};
/* End XCConfigurationList section */

/* Begin XCRemoteSwiftPackageReference section */
		9314D0612B1DFB35007DA005 /* XCRemoteSwiftPackageReference "GoogleSignIn-iOS" */ = {
			isa = XCRemoteSwiftPackageReference;
			repositoryURL = "https://github.com/google/GoogleSignIn-iOS";
			requirement = {
				kind = upToNextMajorVersion;
				minimumVersion = 7.0.0;
			};
		};
		93CB44C82B18F7D90052331D /* XCRemoteSwiftPackageReference "firebase-ios-sdk" */ = {
			isa = XCRemoteSwiftPackageReference;
			repositoryURL = "https://github.com/firebase/firebase-ios-sdk";
			requirement = {
				kind = upToNextMajorVersion;
				minimumVersion = 10.18.0;
			};
		};
		93CB44E12B190A9C0052331D /* XCRemoteSwiftPackageReference "Kingfisher" */ = {
			isa = XCRemoteSwiftPackageReference;
			repositoryURL = "https://github.com/onevcat/Kingfisher";
			requirement = {
				kind = upToNextMajorVersion;
				minimumVersion = 7.10.0;
			};
		};
/* End XCRemoteSwiftPackageReference section */

/* Begin XCSwiftPackageProductDependency section */
		9314D0622B1DFB35007DA005 /* GoogleSignIn */ = {
			isa = XCSwiftPackageProductDependency;
			package = 9314D0612B1DFB35007DA005 /* XCRemoteSwiftPackageReference "GoogleSignIn-iOS" */;
			productName = GoogleSignIn;
		};
		9314D0642B1DFB35007DA005 /* GoogleSignInSwift */ = {
			isa = XCSwiftPackageProductDependency;
			package = 9314D0612B1DFB35007DA005 /* XCRemoteSwiftPackageReference "GoogleSignIn-iOS" */;
			productName = GoogleSignInSwift;
		};
		9314D0662B1DFC6D007DA005 /* GoogleSignIn */ = {
			isa = XCSwiftPackageProductDependency;
			package = 9314D0612B1DFB35007DA005 /* XCRemoteSwiftPackageReference "GoogleSignIn-iOS" */;
			productName = GoogleSignIn;
		};
		9314D0682B1DFC6D007DA005 /* GoogleSignInSwift */ = {
			isa = XCSwiftPackageProductDependency;
			package = 9314D0612B1DFB35007DA005 /* XCRemoteSwiftPackageReference "GoogleSignIn-iOS" */;
			productName = GoogleSignInSwift;
		};
		93CB44C92B18F7D90052331D /* FirebaseAnalyticsSwift */ = {
			isa = XCSwiftPackageProductDependency;
			package = 93CB44C82B18F7D90052331D /* XCRemoteSwiftPackageReference "firebase-ios-sdk" */;
			productName = FirebaseAnalyticsSwift;
		};
		93CB44CB2B18F7D90052331D /* FirebaseAnalyticsWithoutAdIdSupport */ = {
			isa = XCSwiftPackageProductDependency;
			package = 93CB44C82B18F7D90052331D /* XCRemoteSwiftPackageReference "firebase-ios-sdk" */;
			productName = FirebaseAnalyticsWithoutAdIdSupport;
		};
		93CB44CD2B18F7D90052331D /* FirebaseAuth */ = {
			isa = XCSwiftPackageProductDependency;
			package = 93CB44C82B18F7D90052331D /* XCRemoteSwiftPackageReference "firebase-ios-sdk" */;
			productName = FirebaseAuth;
		};
		93CB44CF2B18F7D90052331D /* FirebaseDatabase */ = {
			isa = XCSwiftPackageProductDependency;
			package = 93CB44C82B18F7D90052331D /* XCRemoteSwiftPackageReference "firebase-ios-sdk" */;
			productName = FirebaseDatabase;
		};
		93CB44D12B18F7D90052331D /* FirebaseDatabaseSwift */ = {
			isa = XCSwiftPackageProductDependency;
			package = 93CB44C82B18F7D90052331D /* XCRemoteSwiftPackageReference "firebase-ios-sdk" */;
			productName = FirebaseDatabaseSwift;
		};
		93CB44D32B18F7D90052331D /* FirebaseFirestore */ = {
			isa = XCSwiftPackageProductDependency;
			package = 93CB44C82B18F7D90052331D /* XCRemoteSwiftPackageReference "firebase-ios-sdk" */;
			productName = FirebaseFirestore;
		};
		93CB44D52B18F7D90052331D /* FirebaseFirestoreSwift */ = {
			isa = XCSwiftPackageProductDependency;
			package = 93CB44C82B18F7D90052331D /* XCRemoteSwiftPackageReference "firebase-ios-sdk" */;
			productName = FirebaseFirestoreSwift;
		};
		93CB44D72B18F7D90052331D /* FirebasePerformance */ = {
			isa = XCSwiftPackageProductDependency;
			package = 93CB44C82B18F7D90052331D /* XCRemoteSwiftPackageReference "firebase-ios-sdk" */;
			productName = FirebasePerformance;
		};
		93CB44D92B18F7D90052331D /* FirebaseRemoteConfig */ = {
			isa = XCSwiftPackageProductDependency;
			package = 93CB44C82B18F7D90052331D /* XCRemoteSwiftPackageReference "firebase-ios-sdk" */;
			productName = FirebaseRemoteConfig;
		};
		93CB44DB2B18F7D90052331D /* FirebaseRemoteConfigSwift */ = {
			isa = XCSwiftPackageProductDependency;
			package = 93CB44C82B18F7D90052331D /* XCRemoteSwiftPackageReference "firebase-ios-sdk" */;
			productName = FirebaseRemoteConfigSwift;
		};
		93CB44DD2B18F7D90052331D /* FirebaseStorage */ = {
			isa = XCSwiftPackageProductDependency;
			package = 93CB44C82B18F7D90052331D /* XCRemoteSwiftPackageReference "firebase-ios-sdk" */;
			productName = FirebaseStorage;
		};
		93CB44DF2B18F7D90052331D /* FirebaseStorageCombine-Community */ = {
			isa = XCSwiftPackageProductDependency;
			package = 93CB44C82B18F7D90052331D /* XCRemoteSwiftPackageReference "firebase-ios-sdk" */;
			productName = "FirebaseStorageCombine-Community";
		};
		93CB44E22B190A9C0052331D /* Kingfisher */ = {
			isa = XCSwiftPackageProductDependency;
			package = 93CB44E12B190A9C0052331D /* XCRemoteSwiftPackageReference "Kingfisher" */;
			productName = Kingfisher;
		};
/* End XCSwiftPackageProductDependency section */
	};
	rootObject = 93B704B22B1521A300F5B46F /* Project object */;
}
